
Microsoft Visual Studio Solution File, Format Version 12.00
# Visual Studio 15
VisualStudioVersion = 15.0.28307.2092
MinimumVisualStudioVersion = 10.0.40219.1
Project("{8BC9CEB8-8B4A-11D0-8D11-00A0C91BC942}") = "P14", "P14\P14.vcxproj", "{ACF2BE8F-55B5-4429-97FD-6292A744D604}"
EndProject
Global
	GlobalSection(SolutionConfigurationPlatforms) = preSolution
		Debug|x64 = Debug|x64
		Debug|x86 = Debug|x86
		Release|x64 = Release|x64
		Release|x86 = Release|x86
	EndGlobalSection
	GlobalSection(ProjectConfigurationPlatforms) = postSolution
		{ACF2BE8F-55B5-4429-97FD-6292A744D604}.Debug|x64.ActiveCfg = Debug|x64
		{ACF2BE8F-55B5-4429-97FD-6292A744D604}.Debug|x64.Build.0 = Debug|x64
		{ACF2BE8F-55B5-4429-97FD-6292A744D604}.Debug|x86.ActiveCfg = Debug|Win32
		{ACF2BE8F-55B5-4429-97FD-6292A744D604}.Debug|x86.Build.0 = Debug|Win32
		{ACF2BE8F-55B5-4429-97FD-6292A744D604}.Release|x64.ActiveCfg = Release|x64
		{ACF2BE8F-55B5-4429-97FD-6292A744D604}.Release|x64.Build.0 = Release|x64
		{ACF2BE8F-55B5-4429-97FD-6292A744D604}.Release|x86.ActiveCfg = Release|Win32
		{ACF2BE8F-55B5-4429-97FD-6292A744D604}.Release|x86.Build.0 = Release|Win32
	EndGlobalSection
	GlobalSection(SolutionProperties) = preSolution
		HideSolutionNode = FALSE
	EndGlobalSection
	GlobalSection(ExtensibilityGlobals) = postSolution
		SolutionGuid = {DBE80519-C341-493C-9293-80F5CC4BC53F}
	EndGlobalSection
EndGlobal
