
Microsoft Visual Studio Solution File, Format Version 12.00
# Visual Studio 15
VisualStudioVersion = 15.0.28307.2092
MinimumVisualStudioVersion = 10.0.40219.1
Project("{8BC9CEB8-8B4A-11D0-8D11-00A0C91BC942}") = "P15", "P15\P15.vcxproj", "{5D64E146-4267-4D4F-91D2-D6CC96EF716C}"
EndProject
Global
	GlobalSection(SolutionConfigurationPlatforms) = preSolution
		Debug|x64 = Debug|x64
		Debug|x86 = Debug|x86
		Release|x64 = Release|x64
		Release|x86 = Release|x86
	EndGlobalSection
	GlobalSection(ProjectConfigurationPlatforms) = postSolution
		{5D64E146-4267-4D4F-91D2-D6CC96EF716C}.Debug|x64.ActiveCfg = Debug|x64
		{5D64E146-4267-4D4F-91D2-D6CC96EF716C}.Debug|x64.Build.0 = Debug|x64
		{5D64E146-4267-4D4F-91D2-D6CC96EF716C}.Debug|x86.ActiveCfg = Debug|Win32
		{5D64E146-4267-4D4F-91D2-D6CC96EF716C}.Debug|x86.Build.0 = Debug|Win32
		{5D64E146-4267-4D4F-91D2-D6CC96EF716C}.Release|x64.ActiveCfg = Release|x64
		{5D64E146-4267-4D4F-91D2-D6CC96EF716C}.Release|x64.Build.0 = Release|x64
		{5D64E146-4267-4D4F-91D2-D6CC96EF716C}.Release|x86.ActiveCfg = Release|Win32
		{5D64E146-4267-4D4F-91D2-D6CC96EF716C}.Release|x86.Build.0 = Release|Win32
	EndGlobalSection
	GlobalSection(SolutionProperties) = preSolution
		HideSolutionNode = FALSE
	EndGlobalSection
	GlobalSection(ExtensibilityGlobals) = postSolution
		SolutionGuid = {E1AA5A2A-E6F0-4CC4-9294-00718D75429E}
	EndGlobalSection
EndGlobal
